
Microsoft Visual Studio Solution File, Format Version 12.00
# Visual Studio Version 16
VisualStudioVersion = 16.0.31019.35
MinimumVisualStudioVersion = 10.0.40219.1
Project("{9A19103F-16F7-4668-BE54-9A1E7A4F7556}") = "RealWorldExample", "RealWorldExample\RealWorldExample.csproj", "{DD843E9B-1541-4F10-B6A7-8BE33F732367}"
EndProject
Global
	GlobalSection(SolutionConfigurationPlatforms) = preSolution
		Debug|Any CPU = Debug|Any CPU
		Release|Any CPU = Release|Any CPU
	EndGlobalSection
	GlobalSection(ProjectConfigurationPlatforms) = postSolution
		{DD843E9B-1541-4F10-B6A7-8BE33F732367}.Debug|Any CPU.ActiveCfg = Debug|Any CPU
		{DD843E9B-1541-4F10-B6A7-8BE33F732367}.Debug|Any CPU.Build.0 = Debug|Any CPU
		{DD843E9B-1541-4F10-B6A7-8BE33F732367}.Release|Any CPU.ActiveCfg = Release|Any CPU
		{DD843E9B-1541-4F10-B6A7-8BE33F732367}.Release|Any CPU.Build.0 = Release|Any CPU
	EndGlobalSection
	GlobalSection(SolutionProperties) = preSolution
		HideSolutionNode = FALSE
	EndGlobalSection
	GlobalSection(ExtensibilityGlobals) = postSolution
		SolutionGuid = {4F8AAE2B-92AB-4A2A-B427-E23F73365B2A}
	EndGlobalSection
EndGlobal
